
Microsoft Visual Studio Solution File, Format Version 12.00
# Visual Studio Version 16
VisualStudioVersion = 16.0.31105.61
MinimumVisualStudioVersion = 10.0.40219.1
Project("{FAE04EC0-301F-11D3-BF4B-00C04F79EFBC}") = "senai.hroads.webAPI", "senai.hroads.webAPI\senai.hroads.webAPI.csproj", "{66449959-C95A-4DCB-8133-97A56347CBAF}"
EndProject
Global
	GlobalSection(SolutionConfigurationPlatforms) = preSolution
		Debug|Any CPU = Debug|Any CPU
		Release|Any CPU = Release|Any CPU
	EndGlobalSection
	GlobalSection(ProjectConfigurationPlatforms) = postSolution
		{66449959-C95A-4DCB-8133-97A56347CBAF}.Debug|Any CPU.ActiveCfg = Debug|Any CPU
		{66449959-C95A-4DCB-8133-97A56347CBAF}.Debug|Any CPU.Build.0 = Debug|Any CPU
		{66449959-C95A-4DCB-8133-97A56347CBAF}.Release|Any CPU.ActiveCfg = Release|Any CPU
		{66449959-C95A-4DCB-8133-97A56347CBAF}.Release|Any CPU.Build.0 = Release|Any CPU
	EndGlobalSection
	GlobalSection(SolutionProperties) = preSolution
		HideSolutionNode = FALSE
	EndGlobalSection
	GlobalSection(ExtensibilityGlobals) = postSolution
		SolutionGuid = {283D161D-4CAA-4BD8-B299-924125832200}
	EndGlobalSection
EndGlobal
